
Microsoft Visual Studio Solution File, Format Version 12.00
# Visual Studio 15
VisualStudioVersion = 15.0.28010.2003
MinimumVisualStudioVersion = 10.0.40219.1
Project("{FAE04EC0-301F-11D3-BF4B-00C04F79EFBC}") = "Dungeon Typer", "Dungeon Typer\Dungeon Typer.csproj", "{1CB6CD33-E7CA-455E-A5EA-4B1EA5E8CB23}"
EndProject
Project("{FAE04EC0-301F-11D3-BF4B-00C04F79EFBC}") = "Dungeon Typer Web App", "Dungeon Typer Web App\Dungeon Typer Web App.csproj", "{CEBFDE5D-7B0C-4F58-A739-FB830558A229}"
EndProject
Global
	GlobalSection(SolutionConfigurationPlatforms) = preSolution
		Debug|Any CPU = Debug|Any CPU
		Release|Any CPU = Release|Any CPU
	EndGlobalSection
	GlobalSection(ProjectConfigurationPlatforms) = postSolution
		{1CB6CD33-E7CA-455E-A5EA-4B1EA5E8CB23}.Debug|Any CPU.ActiveCfg = Debug|Any CPU
		{1CB6CD33-E7CA-455E-A5EA-4B1EA5E8CB23}.Debug|Any CPU.Build.0 = Debug|Any CPU
		{1CB6CD33-E7CA-455E-A5EA-4B1EA5E8CB23}.Release|Any CPU.ActiveCfg = Release|Any CPU
		{1CB6CD33-E7CA-455E-A5EA-4B1EA5E8CB23}.Release|Any CPU.Build.0 = Release|Any CPU
		{CEBFDE5D-7B0C-4F58-A739-FB830558A229}.Debug|Any CPU.ActiveCfg = Debug|Any CPU
		{CEBFDE5D-7B0C-4F58-A739-FB830558A229}.Debug|Any CPU.Build.0 = Debug|Any CPU
		{CEBFDE5D-7B0C-4F58-A739-FB830558A229}.Release|Any CPU.ActiveCfg = Release|Any CPU
		{CEBFDE5D-7B0C-4F58-A739-FB830558A229}.Release|Any CPU.Build.0 = Release|Any CPU
	EndGlobalSection
	GlobalSection(SolutionProperties) = preSolution
		HideSolutionNode = FALSE
	EndGlobalSection
	GlobalSection(ExtensibilityGlobals) = postSolution
		SolutionGuid = {5C50C8C6-D823-40A6-BC65-AAEA83F2FA85}
	EndGlobalSection
EndGlobal
