
Microsoft Visual Studio Solution File, Format Version 12.00
# Visual Studio 15
VisualStudioVersion = 15.0.28010.2048
MinimumVisualStudioVersion = 10.0.40219.1
Project("{9A19103F-16F7-4668-BE54-9A1E7A4F7556}") = "DungeonTyper.Web", "DungeonTyper\DungeonTyper.Web.csproj", "{5E326C28-8907-4F10-BFF3-85F8B973537E}"
EndProject
Project("{FAE04EC0-301F-11D3-BF4B-00C04F79EFBC}") = "DungeonTyper.Logic", "Logic\DungeonTyper.Logic.csproj", "{EE3072C1-4B93-413F-A6CF-66955BABB2E9}"
EndProject
Project("{FAE04EC0-301F-11D3-BF4B-00C04F79EFBC}") = "DungeonTyper.DAL", "DungeonTyperDAL\DungeonTyper.DAL.csproj", "{A1EA68D8-FC4B-407D-940C-93B5DD5706AA}"
EndProject
Project("{FAE04EC0-301F-11D3-BF4B-00C04F79EFBC}") = "DungeonTyper.Models", "DungeonTyperModels\DungeonTyper.Models.csproj", "{6F667348-89E2-40AF-9160-E8E9812E48E7}"
EndProject
Global
	GlobalSection(SolutionConfigurationPlatforms) = preSolution
		Debug|Any CPU = Debug|Any CPU
		Release|Any CPU = Release|Any CPU
	EndGlobalSection
	GlobalSection(ProjectConfigurationPlatforms) = postSolution
		{5E326C28-8907-4F10-BFF3-85F8B973537E}.Debug|Any CPU.ActiveCfg = Debug|Any CPU
		{5E326C28-8907-4F10-BFF3-85F8B973537E}.Debug|Any CPU.Build.0 = Debug|Any CPU
		{5E326C28-8907-4F10-BFF3-85F8B973537E}.Release|Any CPU.ActiveCfg = Release|Any CPU
		{5E326C28-8907-4F10-BFF3-85F8B973537E}.Release|Any CPU.Build.0 = Release|Any CPU
		{EE3072C1-4B93-413F-A6CF-66955BABB2E9}.Debug|Any CPU.ActiveCfg = Debug|Any CPU
		{EE3072C1-4B93-413F-A6CF-66955BABB2E9}.Debug|Any CPU.Build.0 = Debug|Any CPU
		{EE3072C1-4B93-413F-A6CF-66955BABB2E9}.Release|Any CPU.ActiveCfg = Release|Any CPU
		{EE3072C1-4B93-413F-A6CF-66955BABB2E9}.Release|Any CPU.Build.0 = Release|Any CPU
		{A1EA68D8-FC4B-407D-940C-93B5DD5706AA}.Debug|Any CPU.ActiveCfg = Debug|Any CPU
		{A1EA68D8-FC4B-407D-940C-93B5DD5706AA}.Debug|Any CPU.Build.0 = Debug|Any CPU
		{A1EA68D8-FC4B-407D-940C-93B5DD5706AA}.Release|Any CPU.ActiveCfg = Release|Any CPU
		{A1EA68D8-FC4B-407D-940C-93B5DD5706AA}.Release|Any CPU.Build.0 = Release|Any CPU
		{6F667348-89E2-40AF-9160-E8E9812E48E7}.Debug|Any CPU.ActiveCfg = Debug|Any CPU
		{6F667348-89E2-40AF-9160-E8E9812E48E7}.Debug|Any CPU.Build.0 = Debug|Any CPU
		{6F667348-89E2-40AF-9160-E8E9812E48E7}.Release|Any CPU.ActiveCfg = Release|Any CPU
		{6F667348-89E2-40AF-9160-E8E9812E48E7}.Release|Any CPU.Build.0 = Release|Any CPU
	EndGlobalSection
	GlobalSection(SolutionProperties) = preSolution
		HideSolutionNode = FALSE
	EndGlobalSection
	GlobalSection(ExtensibilityGlobals) = postSolution
		SolutionGuid = {333B6948-8B36-4998-B300-3798D64E3FB3}
	EndGlobalSection
EndGlobal
